
Microsoft Visual Studio Solution File, Format Version 12.00
# Visual Studio 14
VisualStudioVersion = 14.0.25420.1
MinimumVisualStudioVersion = 10.0.40219.1
Project("{FAE04EC0-301F-11D3-BF4B-00C04F79EFBC}") = "ImageDirectoryMonitor", "ImageDirectoryCleanup\ImageDirectoryMonitor.csproj", "{7340DFF6-DB9F-4EC1-B92C-3C79CD5A98DA}"
EndProject
Project("{FAE04EC0-301F-11D3-BF4B-00C04F79EFBC}") = "TextRecognitionWrapper", "TextRecognitionWrapper\TextRecognitionWrapper.csproj", "{2A9AE8AC-A6EF-4FEF-913B-5BE4E3CA5CC3}"
EndProject
Project("{FAE04EC0-301F-11D3-BF4B-00C04F79EFBC}") = "ImageCleaner", "ImageCleaner\ImageCleaner.csproj", "{244810AE-408B-47E1-B42F-18B0EBAB9899}"
EndProject
Project("{2150E333-8FDC-42A3-9474-1A3956D46DE8}") = "Solution Items", "Solution Items", "{A980FD9A-C9B9-4EA3-BDF3-BC59380B6FDF}"
	ProjectSection(SolutionItems) = preProject
		.gitignore = .gitignore
		Knowledge.txt = Knowledge.txt
		NuGet.config = NuGet.config
		Todo.txt = Todo.txt
	EndProjectSection
EndProject
Project("{FAE04EC0-301F-11D3-BF4B-00C04F79EFBC}") = "UnitTests", "UnitTests\UnitTests.csproj", "{B8DD81F6-E563-4EFF-A82F-0B99C04B9341}"
EndProject
Project("{FAE04EC0-301F-11D3-BF4B-00C04F79EFBC}") = "Tools", "Tools\Tools.csproj", "{A88BB931-F291-4DA2-8C1F-EA83A534720C}"
EndProject
Global
	GlobalSection(SolutionConfigurationPlatforms) = preSolution
		Debug|Any CPU = Debug|Any CPU
		Release|Any CPU = Release|Any CPU
	EndGlobalSection
	GlobalSection(ProjectConfigurationPlatforms) = postSolution
		{7340DFF6-DB9F-4EC1-B92C-3C79CD5A98DA}.Debug|Any CPU.ActiveCfg = Debug|Any CPU
		{7340DFF6-DB9F-4EC1-B92C-3C79CD5A98DA}.Debug|Any CPU.Build.0 = Debug|Any CPU
		{7340DFF6-DB9F-4EC1-B92C-3C79CD5A98DA}.Release|Any CPU.ActiveCfg = Release|Any CPU
		{7340DFF6-DB9F-4EC1-B92C-3C79CD5A98DA}.Release|Any CPU.Build.0 = Release|Any CPU
		{2A9AE8AC-A6EF-4FEF-913B-5BE4E3CA5CC3}.Debug|Any CPU.ActiveCfg = Debug|Any CPU
		{2A9AE8AC-A6EF-4FEF-913B-5BE4E3CA5CC3}.Debug|Any CPU.Build.0 = Debug|Any CPU
		{2A9AE8AC-A6EF-4FEF-913B-5BE4E3CA5CC3}.Release|Any CPU.ActiveCfg = Release|Any CPU
		{2A9AE8AC-A6EF-4FEF-913B-5BE4E3CA5CC3}.Release|Any CPU.Build.0 = Release|Any CPU
		{244810AE-408B-47E1-B42F-18B0EBAB9899}.Debug|Any CPU.ActiveCfg = Debug|Any CPU
		{244810AE-408B-47E1-B42F-18B0EBAB9899}.Debug|Any CPU.Build.0 = Debug|Any CPU
		{244810AE-408B-47E1-B42F-18B0EBAB9899}.Release|Any CPU.ActiveCfg = Release|Any CPU
		{244810AE-408B-47E1-B42F-18B0EBAB9899}.Release|Any CPU.Build.0 = Release|Any CPU
		{B8DD81F6-E563-4EFF-A82F-0B99C04B9341}.Debug|Any CPU.ActiveCfg = Debug|Any CPU
		{B8DD81F6-E563-4EFF-A82F-0B99C04B9341}.Debug|Any CPU.Build.0 = Debug|Any CPU
		{B8DD81F6-E563-4EFF-A82F-0B99C04B9341}.Release|Any CPU.ActiveCfg = Release|Any CPU
		{B8DD81F6-E563-4EFF-A82F-0B99C04B9341}.Release|Any CPU.Build.0 = Release|Any CPU
		{A88BB931-F291-4DA2-8C1F-EA83A534720C}.Debug|Any CPU.ActiveCfg = Debug|Any CPU
		{A88BB931-F291-4DA2-8C1F-EA83A534720C}.Debug|Any CPU.Build.0 = Debug|Any CPU
		{A88BB931-F291-4DA2-8C1F-EA83A534720C}.Release|Any CPU.ActiveCfg = Release|Any CPU
		{A88BB931-F291-4DA2-8C1F-EA83A534720C}.Release|Any CPU.Build.0 = Release|Any CPU
	EndGlobalSection
	GlobalSection(SolutionProperties) = preSolution
		HideSolutionNode = FALSE
	EndGlobalSection
EndGlobal
